
Microsoft Visual Studio Solution File, Format Version 12.00
# Visual Studio Version 17
VisualStudioVersion = 17.11.35327.3
MinimumVisualStudioVersion = 10.0.40219.1
Project("{FAE04EC0-301F-11D3-BF4B-00C04F79EFBC}") = "DemoEntityFramework", "DemoEntityFramework.csproj", "{F6F52BA3-31AD-4CA3-BBBE-AD331A53DA27}"
EndProject
Global
	GlobalSection(SolutionConfigurationPlatforms) = preSolution
		Debug|Any CPU = Debug|Any CPU
		Release|Any CPU = Release|Any CPU
	EndGlobalSection
	GlobalSection(ProjectConfigurationPlatforms) = postSolution
		{F6F52BA3-31AD-4CA3-BBBE-AD331A53DA27}.Debug|Any CPU.ActiveCfg = Debug|Any CPU
		{F6F52BA3-31AD-4CA3-BBBE-AD331A53DA27}.Debug|Any CPU.Build.0 = Debug|Any CPU
		{F6F52BA3-31AD-4CA3-BBBE-AD331A53DA27}.Release|Any CPU.ActiveCfg = Release|Any CPU
		{F6F52BA3-31AD-4CA3-BBBE-AD331A53DA27}.Release|Any CPU.Build.0 = Release|Any CPU
	EndGlobalSection
	GlobalSection(SolutionProperties) = preSolution
		HideSolutionNode = FALSE
	EndGlobalSection
	GlobalSection(ExtensibilityGlobals) = postSolution
		SolutionGuid = {3D8735B2-5FF5-4350-962B-F8DC0304388E}
	EndGlobalSection
EndGlobal
